
Microsoft Visual Studio Solution File, Format Version 12.00
# Visual Studio 2013
VisualStudioVersion = 12.0.30501.0
MinimumVisualStudioVersion = 10.0.40219.1
Project("{FAE04EC0-301F-11D3-BF4B-00C04F79EFBC}") = "StreamIes", "StreamIes\StreamIes.csproj", "{1439CC5A-8D4D-43FE-9FE0-7939A67E7E59}"
EndProject
Project("{2150E333-8FDC-42A3-9474-1A3956D46DE8}") = "Solution Items", "Solution Items", "{4043458D-2E00-4A25-A5AE-3E618D21CF01}"
EndProject
Project("{FAE04EC0-301F-11D3-BF4B-00C04F79EFBC}") = "SeriesSearcher", "..\SeriesSearcher\SeriesSearcher\SeriesSearcher.csproj", "{C38551ED-F88D-4932-B2C1-3E4F2AE569A1}"
EndProject
Project("{FAE04EC0-301F-11D3-BF4B-00C04F79EFBC}") = "TorrentDownloader", "TorrentDownloader\TorrentDownloader.csproj", "{93DEF770-B09B-4A86-AC2A-8AB6738E0944}"
EndProject
Global
	GlobalSection(SolutionConfigurationPlatforms) = preSolution
		Debug|Any CPU = Debug|Any CPU
		Debug|Mixed Platforms = Debug|Mixed Platforms
		Debug|x86 = Debug|x86
		Release|Any CPU = Release|Any CPU
		Release|Mixed Platforms = Release|Mixed Platforms
		Release|x86 = Release|x86
	EndGlobalSection
	GlobalSection(ProjectConfigurationPlatforms) = postSolution
		{1439CC5A-8D4D-43FE-9FE0-7939A67E7E59}.Debug|Any CPU.ActiveCfg = Debug|Any CPU
		{1439CC5A-8D4D-43FE-9FE0-7939A67E7E59}.Debug|Any CPU.Build.0 = Debug|Any CPU
		{1439CC5A-8D4D-43FE-9FE0-7939A67E7E59}.Debug|Mixed Platforms.ActiveCfg = Debug|Any CPU
		{1439CC5A-8D4D-43FE-9FE0-7939A67E7E59}.Debug|Mixed Platforms.Build.0 = Debug|Any CPU
		{1439CC5A-8D4D-43FE-9FE0-7939A67E7E59}.Debug|x86.ActiveCfg = Debug|Any CPU
		{1439CC5A-8D4D-43FE-9FE0-7939A67E7E59}.Release|Any CPU.ActiveCfg = Release|Any CPU
		{1439CC5A-8D4D-43FE-9FE0-7939A67E7E59}.Release|Any CPU.Build.0 = Release|Any CPU
		{1439CC5A-8D4D-43FE-9FE0-7939A67E7E59}.Release|Mixed Platforms.ActiveCfg = Release|Any CPU
		{1439CC5A-8D4D-43FE-9FE0-7939A67E7E59}.Release|Mixed Platforms.Build.0 = Release|Any CPU
		{1439CC5A-8D4D-43FE-9FE0-7939A67E7E59}.Release|x86.ActiveCfg = Release|Any CPU
		{C38551ED-F88D-4932-B2C1-3E4F2AE569A1}.Debug|Any CPU.ActiveCfg = Debug|Any CPU
		{C38551ED-F88D-4932-B2C1-3E4F2AE569A1}.Debug|Any CPU.Build.0 = Debug|Any CPU
		{C38551ED-F88D-4932-B2C1-3E4F2AE569A1}.Debug|Mixed Platforms.ActiveCfg = Debug|Any CPU
		{C38551ED-F88D-4932-B2C1-3E4F2AE569A1}.Debug|Mixed Platforms.Build.0 = Debug|Any CPU
		{C38551ED-F88D-4932-B2C1-3E4F2AE569A1}.Debug|x86.ActiveCfg = Debug|Any CPU
		{C38551ED-F88D-4932-B2C1-3E4F2AE569A1}.Release|Any CPU.ActiveCfg = Release|Any CPU
		{C38551ED-F88D-4932-B2C1-3E4F2AE569A1}.Release|Any CPU.Build.0 = Release|Any CPU
		{C38551ED-F88D-4932-B2C1-3E4F2AE569A1}.Release|Mixed Platforms.ActiveCfg = Release|Any CPU
		{C38551ED-F88D-4932-B2C1-3E4F2AE569A1}.Release|Mixed Platforms.Build.0 = Release|Any CPU
		{C38551ED-F88D-4932-B2C1-3E4F2AE569A1}.Release|x86.ActiveCfg = Release|Any CPU
		{93DEF770-B09B-4A86-AC2A-8AB6738E0944}.Debug|Any CPU.ActiveCfg = Debug|Any CPU
		{93DEF770-B09B-4A86-AC2A-8AB6738E0944}.Debug|Any CPU.Build.0 = Debug|Any CPU
		{93DEF770-B09B-4A86-AC2A-8AB6738E0944}.Debug|Mixed Platforms.ActiveCfg = Debug|Any CPU
		{93DEF770-B09B-4A86-AC2A-8AB6738E0944}.Debug|Mixed Platforms.Build.0 = Debug|Any CPU
		{93DEF770-B09B-4A86-AC2A-8AB6738E0944}.Debug|x86.ActiveCfg = Debug|Any CPU
		{93DEF770-B09B-4A86-AC2A-8AB6738E0944}.Release|Any CPU.ActiveCfg = Release|Any CPU
		{93DEF770-B09B-4A86-AC2A-8AB6738E0944}.Release|Any CPU.Build.0 = Release|Any CPU
		{93DEF770-B09B-4A86-AC2A-8AB6738E0944}.Release|Mixed Platforms.ActiveCfg = Release|Any CPU
		{93DEF770-B09B-4A86-AC2A-8AB6738E0944}.Release|Mixed Platforms.Build.0 = Release|Any CPU
		{93DEF770-B09B-4A86-AC2A-8AB6738E0944}.Release|x86.ActiveCfg = Release|Any CPU
	EndGlobalSection
	GlobalSection(SolutionProperties) = preSolution
		HideSolutionNode = FALSE
	EndGlobalSection
EndGlobal
